
Microsoft Visual Studio Solution File, Format Version 12.00
# Visual Studio Version 16
VisualStudioVersion = 16.0.30011.22
MinimumVisualStudioVersion = 10.0.40219.1
Project("{8BC9CEB8-8B4A-11D0-8D11-00A0C91BC942}") = "实验9", "实验9.vcxproj", "{9695C09B-1025-4B0D-AFDB-F4F9914B6410}"
EndProject
Global
	GlobalSection(SolutionConfigurationPlatforms) = preSolution
		Debug|x64 = Debug|x64
		Debug|x86 = Debug|x86
		Release|x64 = Release|x64
		Release|x86 = Release|x86
	EndGlobalSection
	GlobalSection(ProjectConfigurationPlatforms) = postSolution
		{9695C09B-1025-4B0D-AFDB-F4F9914B6410}.Debug|x64.ActiveCfg = Debug|x64
		{9695C09B-1025-4B0D-AFDB-F4F9914B6410}.Debug|x64.Build.0 = Debug|x64
		{9695C09B-1025-4B0D-AFDB-F4F9914B6410}.Debug|x86.ActiveCfg = Debug|Win32
		{9695C09B-1025-4B0D-AFDB-F4F9914B6410}.Debug|x86.Build.0 = Debug|Win32
		{9695C09B-1025-4B0D-AFDB-F4F9914B6410}.Release|x64.ActiveCfg = Release|x64
		{9695C09B-1025-4B0D-AFDB-F4F9914B6410}.Release|x64.Build.0 = Release|x64
		{9695C09B-1025-4B0D-AFDB-F4F9914B6410}.Release|x86.ActiveCfg = Release|Win32
		{9695C09B-1025-4B0D-AFDB-F4F9914B6410}.Release|x86.Build.0 = Release|Win32
	EndGlobalSection
	GlobalSection(SolutionProperties) = preSolution
		HideSolutionNode = FALSE
	EndGlobalSection
	GlobalSection(ExtensibilityGlobals) = postSolution
		SolutionGuid = {CCC3DF05-47EA-4649-BF37-1CE0DE2D06B0}
	EndGlobalSection
EndGlobal
